
Microsoft Visual Studio Solution File, Format Version 12.00
# Visual Studio 15
VisualStudioVersion = 15.0.27703.2035
MinimumVisualStudioVersion = 10.0.40219.1
Project("{8BC9CEB8-8B4A-11D0-8D11-00A0C91BC942}") = "csw2", "csw2\csw2.vcxproj", "{A45C3352-FFF4-4E73-BA07-6D0C307C0CEC}"
EndProject
Project("{8BC9CEB8-8B4A-11D0-8D11-00A0C91BC942}") = "jica0628", "jica0628\jica0628.vcxproj", "{AB0AEFAA-71A2-48A8-9695-1795B7003422}"
EndProject
Project("{8BC9CEB8-8B4A-11D0-8D11-00A0C91BC942}") = "jica0628a", "jica0628a\jica0628a.vcxproj", "{89F967CF-D527-40EB-9272-497DF4AC7890}"
EndProject
Project("{8BC9CEB8-8B4A-11D0-8D11-00A0C91BC942}") = "jica0628b", "jica0628b\jica0628b.vcxproj", "{99CCE842-348C-4CA4-9B23-7FBB5893107E}"
EndProject
Project("{8BC9CEB8-8B4A-11D0-8D11-00A0C91BC942}") = "ex9-2", "ex9-2\ex9-2.vcxproj", "{CD05776B-E46A-4BCF-A972-3EF32241CA47}"
EndProject
Project("{8BC9CEB8-8B4A-11D0-8D11-00A0C91BC942}") = "jica0628c", "jica0628c\jica0628c.vcxproj", "{5D06588C-9DB2-467A-A929-FDC4E6EF0DE2}"
EndProject
Project("{8BC9CEB8-8B4A-11D0-8D11-00A0C91BC942}") = "jica0628d", "jica0628d\jica0628d.vcxproj", "{4BFE5E0D-C479-42FB-B248-D949A8FE77E3}"
EndProject
Project("{8BC9CEB8-8B4A-11D0-8D11-00A0C91BC942}") = "powerex-1", "powerex-1\powerex-1.vcxproj", "{34696799-6A0D-4125-9288-AD5AC5B9629B}"
EndProject
Project("{8BC9CEB8-8B4A-11D0-8D11-00A0C91BC942}") = "ex9-4", "ex9-4\ex9-4.vcxproj", "{61F63224-08D5-4EFE-92F1-EDB48EA36B0B}"
EndProject
Project("{8BC9CEB8-8B4A-11D0-8D11-00A0C91BC942}") = "ex9-5", "ex9-5\ex9-5.vcxproj", "{049E51C3-7AFC-4696-9A92-06FC5C36BAD0}"
EndProject
Global
	GlobalSection(SolutionConfigurationPlatforms) = preSolution
		Debug|x64 = Debug|x64
		Debug|x86 = Debug|x86
		Release|x64 = Release|x64
		Release|x86 = Release|x86
	EndGlobalSection
	GlobalSection(ProjectConfigurationPlatforms) = postSolution
		{A45C3352-FFF4-4E73-BA07-6D0C307C0CEC}.Debug|x64.ActiveCfg = Debug|x64
		{A45C3352-FFF4-4E73-BA07-6D0C307C0CEC}.Debug|x64.Build.0 = Debug|x64
		{A45C3352-FFF4-4E73-BA07-6D0C307C0CEC}.Debug|x86.ActiveCfg = Debug|Win32
		{A45C3352-FFF4-4E73-BA07-6D0C307C0CEC}.Debug|x86.Build.0 = Debug|Win32
		{A45C3352-FFF4-4E73-BA07-6D0C307C0CEC}.Release|x64.ActiveCfg = Release|x64
		{A45C3352-FFF4-4E73-BA07-6D0C307C0CEC}.Release|x64.Build.0 = Release|x64
		{A45C3352-FFF4-4E73-BA07-6D0C307C0CEC}.Release|x86.ActiveCfg = Release|Win32
		{A45C3352-FFF4-4E73-BA07-6D0C307C0CEC}.Release|x86.Build.0 = Release|Win32
		{AB0AEFAA-71A2-48A8-9695-1795B7003422}.Debug|x64.ActiveCfg = Debug|x64
		{AB0AEFAA-71A2-48A8-9695-1795B7003422}.Debug|x64.Build.0 = Debug|x64
		{AB0AEFAA-71A2-48A8-9695-1795B7003422}.Debug|x86.ActiveCfg = Debug|Win32
		{AB0AEFAA-71A2-48A8-9695-1795B7003422}.Debug|x86.Build.0 = Debug|Win32
		{AB0AEFAA-71A2-48A8-9695-1795B7003422}.Release|x64.ActiveCfg = Release|x64
		{AB0AEFAA-71A2-48A8-9695-1795B7003422}.Release|x64.Build.0 = Release|x64
		{AB0AEFAA-71A2-48A8-9695-1795B7003422}.Release|x86.ActiveCfg = Release|Win32
		{AB0AEFAA-71A2-48A8-9695-1795B7003422}.Release|x86.Build.0 = Release|Win32
		{89F967CF-D527-40EB-9272-497DF4AC7890}.Debug|x64.ActiveCfg = Debug|x64
		{89F967CF-D527-40EB-9272-497DF4AC7890}.Debug|x64.Build.0 = Debug|x64
		{89F967CF-D527-40EB-9272-497DF4AC7890}.Debug|x86.ActiveCfg = Debug|Win32
		{89F967CF-D527-40EB-9272-497DF4AC7890}.Debug|x86.Build.0 = Debug|Win32
		{89F967CF-D527-40EB-9272-497DF4AC7890}.Release|x64.ActiveCfg = Release|x64
		{89F967CF-D527-40EB-9272-497DF4AC7890}.Release|x64.Build.0 = Release|x64
		{89F967CF-D527-40EB-9272-497DF4AC7890}.Release|x86.ActiveCfg = Release|Win32
		{89F967CF-D527-40EB-9272-497DF4AC7890}.Release|x86.Build.0 = Release|Win32
		{99CCE842-348C-4CA4-9B23-7FBB5893107E}.Debug|x64.ActiveCfg = Debug|x64
		{99CCE842-348C-4CA4-9B23-7FBB5893107E}.Debug|x64.Build.0 = Debug|x64
		{99CCE842-348C-4CA4-9B23-7FBB5893107E}.Debug|x86.ActiveCfg = Debug|Win32
		{99CCE842-348C-4CA4-9B23-7FBB5893107E}.Debug|x86.Build.0 = Debug|Win32
		{99CCE842-348C-4CA4-9B23-7FBB5893107E}.Release|x64.ActiveCfg = Release|x64
		{99CCE842-348C-4CA4-9B23-7FBB5893107E}.Release|x64.Build.0 = Release|x64
		{99CCE842-348C-4CA4-9B23-7FBB5893107E}.Release|x86.ActiveCfg = Release|Win32
		{99CCE842-348C-4CA4-9B23-7FBB5893107E}.Release|x86.Build.0 = Release|Win32
		{CD05776B-E46A-4BCF-A972-3EF32241CA47}.Debug|x64.ActiveCfg = Debug|x64
		{CD05776B-E46A-4BCF-A972-3EF32241CA47}.Debug|x64.Build.0 = Debug|x64
		{CD05776B-E46A-4BCF-A972-3EF32241CA47}.Debug|x86.ActiveCfg = Debug|Win32
		{CD05776B-E46A-4BCF-A972-3EF32241CA47}.Debug|x86.Build.0 = Debug|Win32
		{CD05776B-E46A-4BCF-A972-3EF32241CA47}.Release|x64.ActiveCfg = Release|x64
		{CD05776B-E46A-4BCF-A972-3EF32241CA47}.Release|x64.Build.0 = Release|x64
		{CD05776B-E46A-4BCF-A972-3EF32241CA47}.Release|x86.ActiveCfg = Release|Win32
		{CD05776B-E46A-4BCF-A972-3EF32241CA47}.Release|x86.Build.0 = Release|Win32
		{5D06588C-9DB2-467A-A929-FDC4E6EF0DE2}.Debug|x64.ActiveCfg = Debug|x64
		{5D06588C-9DB2-467A-A929-FDC4E6EF0DE2}.Debug|x64.Build.0 = Debug|x64
		{5D06588C-9DB2-467A-A929-FDC4E6EF0DE2}.Debug|x86.ActiveCfg = Debug|Win32
		{5D06588C-9DB2-467A-A929-FDC4E6EF0DE2}.Debug|x86.Build.0 = Debug|Win32
		{5D06588C-9DB2-467A-A929-FDC4E6EF0DE2}.Release|x64.ActiveCfg = Release|x64
		{5D06588C-9DB2-467A-A929-FDC4E6EF0DE2}.Release|x64.Build.0 = Release|x64
		{5D06588C-9DB2-467A-A929-FDC4E6EF0DE2}.Release|x86.ActiveCfg = Release|Win32
		{5D06588C-9DB2-467A-A929-FDC4E6EF0DE2}.Release|x86.Build.0 = Release|Win32
		{4BFE5E0D-C479-42FB-B248-D949A8FE77E3}.Debug|x64.ActiveCfg = Debug|x64
		{4BFE5E0D-C479-42FB-B248-D949A8FE77E3}.Debug|x64.Build.0 = Debug|x64
		{4BFE5E0D-C479-42FB-B248-D949A8FE77E3}.Debug|x86.ActiveCfg = Debug|Win32
		{4BFE5E0D-C479-42FB-B248-D949A8FE77E3}.Debug|x86.Build.0 = Debug|Win32
		{4BFE5E0D-C479-42FB-B248-D949A8FE77E3}.Release|x64.ActiveCfg = Release|x64
		{4BFE5E0D-C479-42FB-B248-D949A8FE77E3}.Release|x64.Build.0 = Release|x64
		{4BFE5E0D-C479-42FB-B248-D949A8FE77E3}.Release|x86.ActiveCfg = Release|Win32
		{4BFE5E0D-C479-42FB-B248-D949A8FE77E3}.Release|x86.Build.0 = Release|Win32
		{34696799-6A0D-4125-9288-AD5AC5B9629B}.Debug|x64.ActiveCfg = Debug|x64
		{34696799-6A0D-4125-9288-AD5AC5B9629B}.Debug|x64.Build.0 = Debug|x64
		{34696799-6A0D-4125-9288-AD5AC5B9629B}.Debug|x86.ActiveCfg = Debug|Win32
		{34696799-6A0D-4125-9288-AD5AC5B9629B}.Debug|x86.Build.0 = Debug|Win32
		{34696799-6A0D-4125-9288-AD5AC5B9629B}.Release|x64.ActiveCfg = Release|x64
		{34696799-6A0D-4125-9288-AD5AC5B9629B}.Release|x64.Build.0 = Release|x64
		{34696799-6A0D-4125-9288-AD5AC5B9629B}.Release|x86.ActiveCfg = Release|Win32
		{34696799-6A0D-4125-9288-AD5AC5B9629B}.Release|x86.Build.0 = Release|Win32
		{61F63224-08D5-4EFE-92F1-EDB48EA36B0B}.Debug|x64.ActiveCfg = Debug|x64
		{61F63224-08D5-4EFE-92F1-EDB48EA36B0B}.Debug|x64.Build.0 = Debug|x64
		{61F63224-08D5-4EFE-92F1-EDB48EA36B0B}.Debug|x86.ActiveCfg = Debug|Win32
		{61F63224-08D5-4EFE-92F1-EDB48EA36B0B}.Debug|x86.Build.0 = Debug|Win32
		{61F63224-08D5-4EFE-92F1-EDB48EA36B0B}.Release|x64.ActiveCfg = Release|x64
		{61F63224-08D5-4EFE-92F1-EDB48EA36B0B}.Release|x64.Build.0 = Release|x64
		{61F63224-08D5-4EFE-92F1-EDB48EA36B0B}.Release|x86.ActiveCfg = Release|Win32
		{61F63224-08D5-4EFE-92F1-EDB48EA36B0B}.Release|x86.Build.0 = Release|Win32
		{049E51C3-7AFC-4696-9A92-06FC5C36BAD0}.Debug|x64.ActiveCfg = Debug|x64
		{049E51C3-7AFC-4696-9A92-06FC5C36BAD0}.Debug|x64.Build.0 = Debug|x64
		{049E51C3-7AFC-4696-9A92-06FC5C36BAD0}.Debug|x86.ActiveCfg = Debug|Win32
		{049E51C3-7AFC-4696-9A92-06FC5C36BAD0}.Debug|x86.Build.0 = Debug|Win32
		{049E51C3-7AFC-4696-9A92-06FC5C36BAD0}.Release|x64.ActiveCfg = Release|x64
		{049E51C3-7AFC-4696-9A92-06FC5C36BAD0}.Release|x64.Build.0 = Release|x64
		{049E51C3-7AFC-4696-9A92-06FC5C36BAD0}.Release|x86.ActiveCfg = Release|Win32
		{049E51C3-7AFC-4696-9A92-06FC5C36BAD0}.Release|x86.Build.0 = Release|Win32
	EndGlobalSection
	GlobalSection(SolutionProperties) = preSolution
		HideSolutionNode = FALSE
	EndGlobalSection
	GlobalSection(ExtensibilityGlobals) = postSolution
		SolutionGuid = {C59BBF63-EC93-40EE-BA4D-59F9771D11E3}
	EndGlobalSection
EndGlobal
